
Microsoft Visual Studio Solution File, Format Version 12.00
# Visual Studio Version 17
VisualStudioVersion = 17.8.34511.84
MinimumVisualStudioVersion = 10.0.40219.1
Project("{FAE04EC0-301F-11D3-BF4B-00C04F79EFBC}") = "Pract2Testing", "Pract2Testing\Pract2Testing.csproj", "{5DA0B639-85BC-4CD3-AE0A-EE9D096FDE43}"
EndProject
Project("{FAE04EC0-301F-11D3-BF4B-00C04F79EFBC}") = "Pract2Testing.Tests", "Pract2Testing.Tests\Pract2Testing.Tests.csproj", "{0E6FB255-F254-472A-A0FD-B86100A60376}"
EndProject
Global
	GlobalSection(SolutionConfigurationPlatforms) = preSolution
		Debug|Any CPU = Debug|Any CPU
		Release|Any CPU = Release|Any CPU
	EndGlobalSection
	GlobalSection(ProjectConfigurationPlatforms) = postSolution
		{5DA0B639-85BC-4CD3-AE0A-EE9D096FDE43}.Debug|Any CPU.ActiveCfg = Debug|Any CPU
		{5DA0B639-85BC-4CD3-AE0A-EE9D096FDE43}.Debug|Any CPU.Build.0 = Debug|Any CPU
		{5DA0B639-85BC-4CD3-AE0A-EE9D096FDE43}.Release|Any CPU.ActiveCfg = Release|Any CPU
		{5DA0B639-85BC-4CD3-AE0A-EE9D096FDE43}.Release|Any CPU.Build.0 = Release|Any CPU
		{0E6FB255-F254-472A-A0FD-B86100A60376}.Debug|Any CPU.ActiveCfg = Debug|Any CPU
		{0E6FB255-F254-472A-A0FD-B86100A60376}.Debug|Any CPU.Build.0 = Debug|Any CPU
		{0E6FB255-F254-472A-A0FD-B86100A60376}.Release|Any CPU.ActiveCfg = Release|Any CPU
		{0E6FB255-F254-472A-A0FD-B86100A60376}.Release|Any CPU.Build.0 = Release|Any CPU
	EndGlobalSection
	GlobalSection(SolutionProperties) = preSolution
		HideSolutionNode = FALSE
	EndGlobalSection
	GlobalSection(ExtensibilityGlobals) = postSolution
		SolutionGuid = {FB2304D2-BC8D-4CC0-B3DA-9EE16C0A2CB8}
	EndGlobalSection
EndGlobal
